
Microsoft Visual Studio Solution File, Format Version 12.00
# Visual Studio 15
VisualStudioVersion = 15.0.28307.1231
MinimumVisualStudioVersion = 10.0.40219.1
Project("{FAE04EC0-301F-11D3-BF4B-00C04F79EFBC}") = "ChessBoardGuiApp", "ChessBoardGuiApp\ChessBoardGuiApp.csproj", "{CFEEFD08-1167-440F-BD82-2B8DE04B0138}"
EndProject
Project("{FAE04EC0-301F-11D3-BF4B-00C04F79EFBC}") = "ChessBoardModel", "ChessBoardModel\ChessBoardModel.csproj", "{497AB1D4-AB83-4D45-86ED-4170E78B9EBB}"
EndProject
Global
	GlobalSection(SolutionConfigurationPlatforms) = preSolution
		Debug|Any CPU = Debug|Any CPU
		Release|Any CPU = Release|Any CPU
	EndGlobalSection
	GlobalSection(ProjectConfigurationPlatforms) = postSolution
		{CFEEFD08-1167-440F-BD82-2B8DE04B0138}.Debug|Any CPU.ActiveCfg = Debug|Any CPU
		{CFEEFD08-1167-440F-BD82-2B8DE04B0138}.Debug|Any CPU.Build.0 = Debug|Any CPU
		{CFEEFD08-1167-440F-BD82-2B8DE04B0138}.Release|Any CPU.ActiveCfg = Release|Any CPU
		{CFEEFD08-1167-440F-BD82-2B8DE04B0138}.Release|Any CPU.Build.0 = Release|Any CPU
		{497AB1D4-AB83-4D45-86ED-4170E78B9EBB}.Debug|Any CPU.ActiveCfg = Debug|Any CPU
		{497AB1D4-AB83-4D45-86ED-4170E78B9EBB}.Debug|Any CPU.Build.0 = Debug|Any CPU
		{497AB1D4-AB83-4D45-86ED-4170E78B9EBB}.Release|Any CPU.ActiveCfg = Release|Any CPU
		{497AB1D4-AB83-4D45-86ED-4170E78B9EBB}.Release|Any CPU.Build.0 = Release|Any CPU
	EndGlobalSection
	GlobalSection(SolutionProperties) = preSolution
		HideSolutionNode = FALSE
	EndGlobalSection
	GlobalSection(ExtensibilityGlobals) = postSolution
		SolutionGuid = {F3BF6BF8-930B-406C-BD45-204A9D9597C6}
	EndGlobalSection
EndGlobal
